PODS:
  - CocoaLumberjack (2.0.0):
    - CocoaLumberjack/Default (= 2.0.0)
    - CocoaLumberjack/Extensions (= 2.0.0)
  - CocoaLumberjack/Core (2.0.0)
  - CocoaLumberjack/Default (2.0.0):
    - CocoaLumberjack/Core
  - CocoaLumberjack/Extensions (2.0.0):
    - CocoaLumberjack/Default
  - LumberjackConsole (2.4.3):
    - CocoaLumberjack (>= 2.0.0)
    - NBUCore (>= 2.0.3)
  - NBUCore (2.0.4)

DEPENDENCIES:
  - CocoaLumberjack
  - LumberjackConsole (from `../`)

EXTERNAL SOURCES:
  LumberjackConsole:
    :path: ../

SPEC CHECKSUMS:
  CocoaLumberjack: fd2b1031c6c4e0f08b5ea928ef677fa0a5de517d
  LumberjackConsole: 81bad3312fea315b8a17e53926b014f032ec1f44
  NBUCore: 978f24fdc8d79dc8141032bf0121053e3b25c95c

COCOAPODS: 0.36.0
