PODS:
  - CocoaLumberjack (3.4.2):
    - CocoaLumberjack/Default (= 3.4.2)
    - CocoaLumberjack/Extensions (= 3.4.2)
  - CocoaLumberjack/Default (3.4.2)
  - CocoaLumberjack/Extensions (3.4.2):
    - CocoaLumberjack/Default
  - LumberjackConsole (3.3.0):
    - CocoaLumberjack (>= 3.x)
    - NBUCore (>= 2.1.0)
  - NBUCore (2.1.0)

DEPENDENCIES:
  - LumberjackConsole (from `../`)

EXTERNAL SOURCES:
  LumberjackConsole:
    :path: ../

SPEC CHECKSUMS:
  CocoaLumberjack: db7cc9e464771f12054c22ff6947c5a58d43a0fd
  LumberjackConsole: d3ae5509b5c698ddfade7e1ed9b305403e78e661
  NBUCore: 201af50441f48513ef6d5823a5fc12c9e1f288cd

PODFILE CHECKSUM: 39b336eed97bf01478a44c2d0bc9864b93132fda

COCOAPODS: 1.4.0
