PODS:
  - CocoaLumberjack (1.7.0):
    - CocoaLumberjack/Core
    - CocoaLumberjack/Extensions
  - CocoaLumberjack/Core (1.7.0)
  - CocoaLumberjack/Extensions (1.7.0):
    - CocoaLumberjack/Core
  - LumberjackConsole (1.0.2):
    - CocoaLumberjack (>= 1.6.4)
    - LumberjackConsole/AdjustLevels
    - LumberjackConsole/Base
    - LumberjackConsole/Base
    - NBUCore (>= 2.0.0)
  - LumberjackConsole/AdjustLevels (1.0.2):
    - CocoaLumberjack (>= 1.6.4)
    - LumberjackConsole/Base
    - NBUCore (>= 2.0.0)
  - LumberjackConsole/Base (1.0.2):
    - CocoaLumberjack (>= 1.6.4)
    - LumberjackConsole/Base
    - NBUCore (>= 2.0.0)
  - NBUCore (2.0.0)

DEPENDENCIES:
  - CocoaLumberjack
  - LumberjackConsole (from `../`)

EXTERNAL SOURCES:
  LumberjackConsole:
    :path: ../

SPEC CHECKSUMS:
  CocoaLumberjack: be87113f649942f020a37c061c58009b6ee5ff68
  LumberjackConsole: 5685b2b30548da75c94f5b412ab2f934e9d543eb
  NBUCore: 66e33f9426cbefb5ca88f3228cfc2dd36eac6e71

COCOAPODS: 0.29.0
